
Microsoft Visual Studio Solution File, Format Version 12.00
# Visual Studio 14
VisualStudioVersion = 14.0.23107.0
MinimumVisualStudioVersion = 10.0.40219.1
Project("{FAE04EC0-301F-11D3-BF4B-00C04F79EFBC}") = "GameServer.Console", "GameServer.Console\GameServer.Console.csproj", "{B771CFBD-AF9A-4312-A342-9D31CB0062C7}"
EndProject
Project("{FAE04EC0-301F-11D3-BF4B-00C04F79EFBC}") = "GameServer.Core", "..\src\GameServer.Core\GameServer.Core.csproj", "{3EFD3B67-334F-4A08-9A7E-75FD9B50D03A}"
EndProject
Project("{2150E333-8FDC-42A3-9474-1A3956D46DE8}") = "src", "src", "{FBD3A58B-124D-4275-AEE3-C111A9989722}"
EndProject
Project("{2150E333-8FDC-42A3-9474-1A3956D46DE8}") = "architecture", "architecture", "{07D326C7-30F2-43D5-8966-C24D2AD1FFFC}"
EndProject
Project("{FAE04EC0-301F-11D3-BF4B-00C04F79EFBC}") = "GameServer.NLB", "..\src\GameServer.NLB\GameServer.NLB.csproj", "{4F68DB64-7B1A-4794-8414-E560D93816B8}"
EndProject
Global
	GlobalSection(SolutionConfigurationPlatforms) = preSolution
		Debug|Any CPU = Debug|Any CPU
		Release|Any CPU = Release|Any CPU
	EndGlobalSection
	GlobalSection(ProjectConfigurationPlatforms) = postSolution
		{B771CFBD-AF9A-4312-A342-9D31CB0062C7}.Debug|Any CPU.ActiveCfg = Debug|Any CPU
		{B771CFBD-AF9A-4312-A342-9D31CB0062C7}.Debug|Any CPU.Build.0 = Debug|Any CPU
		{B771CFBD-AF9A-4312-A342-9D31CB0062C7}.Release|Any CPU.ActiveCfg = Release|Any CPU
		{B771CFBD-AF9A-4312-A342-9D31CB0062C7}.Release|Any CPU.Build.0 = Release|Any CPU
		{3EFD3B67-334F-4A08-9A7E-75FD9B50D03A}.Debug|Any CPU.ActiveCfg = Debug|Any CPU
		{3EFD3B67-334F-4A08-9A7E-75FD9B50D03A}.Debug|Any CPU.Build.0 = Debug|Any CPU
		{3EFD3B67-334F-4A08-9A7E-75FD9B50D03A}.Release|Any CPU.ActiveCfg = Release|Any CPU
		{3EFD3B67-334F-4A08-9A7E-75FD9B50D03A}.Release|Any CPU.Build.0 = Release|Any CPU
		{4F68DB64-7B1A-4794-8414-E560D93816B8}.Debug|Any CPU.ActiveCfg = Debug|Any CPU
		{4F68DB64-7B1A-4794-8414-E560D93816B8}.Debug|Any CPU.Build.0 = Debug|Any CPU
		{4F68DB64-7B1A-4794-8414-E560D93816B8}.Release|Any CPU.ActiveCfg = Release|Any CPU
		{4F68DB64-7B1A-4794-8414-E560D93816B8}.Release|Any CPU.Build.0 = Release|Any CPU
	EndGlobalSection
	GlobalSection(SolutionProperties) = preSolution
		HideSolutionNode = FALSE
	EndGlobalSection
	GlobalSection(NestedProjects) = preSolution
		{3EFD3B67-334F-4A08-9A7E-75FD9B50D03A} = {FBD3A58B-124D-4275-AEE3-C111A9989722}
		{4F68DB64-7B1A-4794-8414-E560D93816B8} = {FBD3A58B-124D-4275-AEE3-C111A9989722}
	EndGlobalSection
EndGlobal
