
Microsoft Visual Studio Solution File, Format Version 12.00
# Visual Studio 14
VisualStudioVersion = 14.0.23107.0
MinimumVisualStudioVersion = 10.0.40219.1
Project("{FAE04EC0-301F-11D3-BF4B-00C04F79EFBC}") = "GameServer.Console", "GameServer.Console\GameServer.Console.csproj", "{B771CFBD-AF9A-4312-A342-9D31CB0062C7}"
EndProject
Project("{FAE04EC0-301F-11D3-BF4B-00C04F79EFBC}") = "GameServer.Core", "..\src\GameServer.Core\GameServer.Core.csproj", "{3EFD3B67-334F-4A08-9A7E-75FD9B50D03A}"
EndProject
Project("{2150E333-8FDC-42A3-9474-1A3956D46DE8}") = "src", "src", "{FBD3A58B-124D-4275-AEE3-C111A9989722}"
EndProject
Project("{2150E333-8FDC-42A3-9474-1A3956D46DE8}") = "architecture", "architecture", "{07D326C7-30F2-43D5-8966-C24D2AD1FFFC}"
EndProject
Project("{FAE04EC0-301F-11D3-BF4B-00C04F79EFBC}") = "GameServer.SLB", "..\src\GameServer.SLB\GameServer.SLB.csproj", "{0B32BEA5-7395-4C2C-8CF2-E36B7F33120B}"
EndProject
Project("{FAE04EC0-301F-11D3-BF4B-00C04F79EFBC}") = "GameServer.Sample.SLB", "GameServer.Sample.SLB\GameServer.Sample.SLB.csproj", "{B64CCFA5-577E-4C07-9EAD-7A85E44309D1}"
EndProject
Project("{2150E333-8FDC-42A3-9474-1A3956D46DE8}") = "samples", "samples", "{45A2ED03-C805-4A43-9258-0CB0F030DA97}"
EndProject
Global
	GlobalSection(SolutionConfigurationPlatforms) = preSolution
		Debug|Any CPU = Debug|Any CPU
		Release|Any CPU = Release|Any CPU
	EndGlobalSection
	GlobalSection(ProjectConfigurationPlatforms) = postSolution
		{B771CFBD-AF9A-4312-A342-9D31CB0062C7}.Debug|Any CPU.ActiveCfg = Debug|Any CPU
		{B771CFBD-AF9A-4312-A342-9D31CB0062C7}.Debug|Any CPU.Build.0 = Debug|Any CPU
		{B771CFBD-AF9A-4312-A342-9D31CB0062C7}.Release|Any CPU.ActiveCfg = Release|Any CPU
		{B771CFBD-AF9A-4312-A342-9D31CB0062C7}.Release|Any CPU.Build.0 = Release|Any CPU
		{3EFD3B67-334F-4A08-9A7E-75FD9B50D03A}.Debug|Any CPU.ActiveCfg = Debug|Any CPU
		{3EFD3B67-334F-4A08-9A7E-75FD9B50D03A}.Debug|Any CPU.Build.0 = Debug|Any CPU
		{3EFD3B67-334F-4A08-9A7E-75FD9B50D03A}.Release|Any CPU.ActiveCfg = Release|Any CPU
		{3EFD3B67-334F-4A08-9A7E-75FD9B50D03A}.Release|Any CPU.Build.0 = Release|Any CPU
		{0B32BEA5-7395-4C2C-8CF2-E36B7F33120B}.Debug|Any CPU.ActiveCfg = Debug|Any CPU
		{0B32BEA5-7395-4C2C-8CF2-E36B7F33120B}.Debug|Any CPU.Build.0 = Debug|Any CPU
		{0B32BEA5-7395-4C2C-8CF2-E36B7F33120B}.Release|Any CPU.ActiveCfg = Release|Any CPU
		{0B32BEA5-7395-4C2C-8CF2-E36B7F33120B}.Release|Any CPU.Build.0 = Release|Any CPU
		{B64CCFA5-577E-4C07-9EAD-7A85E44309D1}.Debug|Any CPU.ActiveCfg = Debug|Any CPU
		{B64CCFA5-577E-4C07-9EAD-7A85E44309D1}.Debug|Any CPU.Build.0 = Debug|Any CPU
		{B64CCFA5-577E-4C07-9EAD-7A85E44309D1}.Release|Any CPU.ActiveCfg = Release|Any CPU
		{B64CCFA5-577E-4C07-9EAD-7A85E44309D1}.Release|Any CPU.Build.0 = Release|Any CPU
	EndGlobalSection
	GlobalSection(SolutionProperties) = preSolution
		HideSolutionNode = FALSE
	EndGlobalSection
	GlobalSection(NestedProjects) = preSolution
		{B771CFBD-AF9A-4312-A342-9D31CB0062C7} = {45A2ED03-C805-4A43-9258-0CB0F030DA97}
		{3EFD3B67-334F-4A08-9A7E-75FD9B50D03A} = {FBD3A58B-124D-4275-AEE3-C111A9989722}
		{0B32BEA5-7395-4C2C-8CF2-E36B7F33120B} = {FBD3A58B-124D-4275-AEE3-C111A9989722}
		{B64CCFA5-577E-4C07-9EAD-7A85E44309D1} = {45A2ED03-C805-4A43-9258-0CB0F030DA97}
	EndGlobalSection
EndGlobal
