
Microsoft Visual Studio Solution File, Format Version 12.00
# Visual Studio 14
VisualStudioVersion = 14.0.23107.0
MinimumVisualStudioVersion = 10.0.40219.1
Project("{FAE04EC0-301F-11D3-BF4B-00C04F79EFBC}") = "GameServer.Core", "GameServer.Core\GameServer.Core.csproj", "{3EFD3B67-334F-4A08-9A7E-75FD9B50D03A}"
EndProject
Project("{FAE04EC0-301F-11D3-BF4B-00C04F79EFBC}") = "GameServer.Container", "GameServer.Container\GameServer.Container.csproj", "{CEAC0B62-C88B-4FE4-810A-0AD506B3A9FB}"
EndProject
Project("{2150E333-8FDC-42A3-9474-1A3956D46DE8}") = "unittest", "unittest", "{CB3452E6-7B7B-46FC-8F90-D92DB4A29E06}"
EndProject
Project("{FAE04EC0-301F-11D3-BF4B-00C04F79EFBC}") = "GameServer.Core.UnitTest", "..\tests\GameServer.Core.UnitTest\GameServer.Core.UnitTest.csproj", "{8C96CA0B-812D-4F6E-8938-49A94F96A82B}"
EndProject
Global
	GlobalSection(SolutionConfigurationPlatforms) = preSolution
		Debug|Any CPU = Debug|Any CPU
		Release|Any CPU = Release|Any CPU
	EndGlobalSection
	GlobalSection(ProjectConfigurationPlatforms) = postSolution
		{3EFD3B67-334F-4A08-9A7E-75FD9B50D03A}.Debug|Any CPU.ActiveCfg = Debug|Any CPU
		{3EFD3B67-334F-4A08-9A7E-75FD9B50D03A}.Debug|Any CPU.Build.0 = Debug|Any CPU
		{3EFD3B67-334F-4A08-9A7E-75FD9B50D03A}.Release|Any CPU.ActiveCfg = Release|Any CPU
		{3EFD3B67-334F-4A08-9A7E-75FD9B50D03A}.Release|Any CPU.Build.0 = Release|Any CPU
		{CEAC0B62-C88B-4FE4-810A-0AD506B3A9FB}.Debug|Any CPU.ActiveCfg = Debug|Any CPU
		{CEAC0B62-C88B-4FE4-810A-0AD506B3A9FB}.Debug|Any CPU.Build.0 = Debug|Any CPU
		{CEAC0B62-C88B-4FE4-810A-0AD506B3A9FB}.Release|Any CPU.ActiveCfg = Release|Any CPU
		{CEAC0B62-C88B-4FE4-810A-0AD506B3A9FB}.Release|Any CPU.Build.0 = Release|Any CPU
		{8C96CA0B-812D-4F6E-8938-49A94F96A82B}.Debug|Any CPU.ActiveCfg = Debug|Any CPU
		{8C96CA0B-812D-4F6E-8938-49A94F96A82B}.Debug|Any CPU.Build.0 = Debug|Any CPU
		{8C96CA0B-812D-4F6E-8938-49A94F96A82B}.Release|Any CPU.ActiveCfg = Release|Any CPU
		{8C96CA0B-812D-4F6E-8938-49A94F96A82B}.Release|Any CPU.Build.0 = Release|Any CPU
	EndGlobalSection
	GlobalSection(SolutionProperties) = preSolution
		HideSolutionNode = FALSE
	EndGlobalSection
	GlobalSection(NestedProjects) = preSolution
		{8C96CA0B-812D-4F6E-8938-49A94F96A82B} = {CB3452E6-7B7B-46FC-8F90-D92DB4A29E06}
	EndGlobalSection
EndGlobal
