
Microsoft Visual Studio Solution File, Format Version 12.00
# Visual Studio 14
VisualStudioVersion = 14.0.23107.0
MinimumVisualStudioVersion = 10.0.40219.1
Project("{FAE04EC0-301F-11D3-BF4B-00C04F79EFBC}") = "PirateX", "PirateX\PirateX.csproj", "{3EFD3B67-334F-4A08-9A7E-75FD9B50D03A}"
EndProject
Project("{2150E333-8FDC-42A3-9474-1A3956D46DE8}") = "unittest", "unittest", "{CB3452E6-7B7B-46FC-8F90-D92DB4A29E06}"
EndProject
Project("{FAE04EC0-301F-11D3-BF4B-00C04F79EFBC}") = "PirateX.SLB", "PirateX.SLB\PirateX.SLB.csproj", "{42D72BEC-9F9B-4DFD-9A79-9833DA34ECC6}"
EndProject
Project("{FAE04EC0-301F-11D3-BF4B-00C04F79EFBC}") = "PirateX.UnitTest", "PirateX.UnitTest\PirateX.UnitTest.csproj", "{8C96CA0B-812D-4F6E-8938-49A94F96A82B}"
EndProject
Project("{2150E333-8FDC-42A3-9474-1A3956D46DE8}") = "Sample", "Sample", "{0562008F-2F99-4D9C-924E-903518BC6D21}"
EndProject
Project("{FAE04EC0-301F-11D3-BF4B-00C04F79EFBC}") = "Sample.Console", "Sample.Console\Sample.Console.csproj", "{B771CFBD-AF9A-4312-A342-9D31CB0062C7}"
EndProject
Project("{FAE04EC0-301F-11D3-BF4B-00C04F79EFBC}") = "Sample.SLB", "Sample.SLB\Sample.SLB.csproj", "{B64CCFA5-577E-4C07-9EAD-7A85E44309D1}"
EndProject
Project("{2150E333-8FDC-42A3-9474-1A3956D46DE8}") = "src", "src", "{2827A0D1-32C1-4B18-94BC-91CC1E3A90A6}"
EndProject
Project("{2150E333-8FDC-42A3-9474-1A3956D46DE8}") = "ServiceStack-V3", "ServiceStack-V3", "{28646A94-7782-4028-B2E1-6B0D24E0FD69}"
EndProject
Project("{FAE04EC0-301F-11D3-BF4B-00C04F79EFBC}") = "ServiceStack.OrmLite", "..\ServiceStack-V3\ServiceStack.OrmLite\ServiceStack.OrmLite.csproj", "{96179AC6-F6F1-40C3-9FDD-4F6582F54C5C}"
EndProject
Project("{FAE04EC0-301F-11D3-BF4B-00C04F79EFBC}") = "ServiceStack.Text", "..\ServiceStack-V3\ServiceStack.Text\ServiceStack.Text.csproj", "{579B3FDB-CDAD-44E1-8417-885C38E49A0E}"
EndProject
Project("{FAE04EC0-301F-11D3-BF4B-00C04F79EFBC}") = "ServiceStack.Common", "..\ServiceStack-V3\ServiceStack.Common\ServiceStack.Common.csproj", "{982416DB-C143-4028-A0C3-CF41892D18D3}"
EndProject
Project("{FAE04EC0-301F-11D3-BF4B-00C04F79EFBC}") = "ServiceStack.Interfaces", "..\ServiceStack-V3\ServiceStack.Interfaces\ServiceStack.Interfaces.csproj", "{55942102-033A-4DA8-A6AF-1DB7B2F34A2D}"
EndProject
Global
	GlobalSection(SolutionConfigurationPlatforms) = preSolution
		Debug|Any CPU = Debug|Any CPU
		MonoTouch|Any CPU = MonoTouch|Any CPU
		Release|Any CPU = Release|Any CPU
		Signed|Any CPU = Signed|Any CPU
		STATIC_ONLY NO_EXPRESSIONS|Any CPU = STATIC_ONLY NO_EXPRESSIONS|Any CPU
	EndGlobalSection
	GlobalSection(ProjectConfigurationPlatforms) = postSolution
		{3EFD3B67-334F-4A08-9A7E-75FD9B50D03A}.Debug|Any CPU.ActiveCfg = Debug|Any CPU
		{3EFD3B67-334F-4A08-9A7E-75FD9B50D03A}.Debug|Any CPU.Build.0 = Debug|Any CPU
		{3EFD3B67-334F-4A08-9A7E-75FD9B50D03A}.MonoTouch|Any CPU.ActiveCfg = Release|Any CPU
		{3EFD3B67-334F-4A08-9A7E-75FD9B50D03A}.MonoTouch|Any CPU.Build.0 = Release|Any CPU
		{3EFD3B67-334F-4A08-9A7E-75FD9B50D03A}.Release|Any CPU.ActiveCfg = Release|Any CPU
		{3EFD3B67-334F-4A08-9A7E-75FD9B50D03A}.Release|Any CPU.Build.0 = Release|Any CPU
		{3EFD3B67-334F-4A08-9A7E-75FD9B50D03A}.Signed|Any CPU.ActiveCfg = Release|Any CPU
		{3EFD3B67-334F-4A08-9A7E-75FD9B50D03A}.Signed|Any CPU.Build.0 = Release|Any CPU
		{3EFD3B67-334F-4A08-9A7E-75FD9B50D03A}.STATIC_ONLY NO_EXPRESSIONS|Any CPU.ActiveCfg = Release|Any CPU
		{3EFD3B67-334F-4A08-9A7E-75FD9B50D03A}.STATIC_ONLY NO_EXPRESSIONS|Any CPU.Build.0 = Release|Any CPU
		{42D72BEC-9F9B-4DFD-9A79-9833DA34ECC6}.Debug|Any CPU.ActiveCfg = Debug|Any CPU
		{42D72BEC-9F9B-4DFD-9A79-9833DA34ECC6}.Debug|Any CPU.Build.0 = Debug|Any CPU
		{42D72BEC-9F9B-4DFD-9A79-9833DA34ECC6}.MonoTouch|Any CPU.ActiveCfg = Release|Any CPU
		{42D72BEC-9F9B-4DFD-9A79-9833DA34ECC6}.MonoTouch|Any CPU.Build.0 = Release|Any CPU
		{42D72BEC-9F9B-4DFD-9A79-9833DA34ECC6}.Release|Any CPU.ActiveCfg = Release|Any CPU
		{42D72BEC-9F9B-4DFD-9A79-9833DA34ECC6}.Release|Any CPU.Build.0 = Release|Any CPU
		{42D72BEC-9F9B-4DFD-9A79-9833DA34ECC6}.Signed|Any CPU.ActiveCfg = Release|Any CPU
		{42D72BEC-9F9B-4DFD-9A79-9833DA34ECC6}.Signed|Any CPU.Build.0 = Release|Any CPU
		{42D72BEC-9F9B-4DFD-9A79-9833DA34ECC6}.STATIC_ONLY NO_EXPRESSIONS|Any CPU.ActiveCfg = Release|Any CPU
		{42D72BEC-9F9B-4DFD-9A79-9833DA34ECC6}.STATIC_ONLY NO_EXPRESSIONS|Any CPU.Build.0 = Release|Any CPU
		{8C96CA0B-812D-4F6E-8938-49A94F96A82B}.Debug|Any CPU.ActiveCfg = Debug|Any CPU
		{8C96CA0B-812D-4F6E-8938-49A94F96A82B}.Debug|Any CPU.Build.0 = Debug|Any CPU
		{8C96CA0B-812D-4F6E-8938-49A94F96A82B}.MonoTouch|Any CPU.ActiveCfg = Release|Any CPU
		{8C96CA0B-812D-4F6E-8938-49A94F96A82B}.MonoTouch|Any CPU.Build.0 = Release|Any CPU
		{8C96CA0B-812D-4F6E-8938-49A94F96A82B}.Release|Any CPU.ActiveCfg = Release|Any CPU
		{8C96CA0B-812D-4F6E-8938-49A94F96A82B}.Release|Any CPU.Build.0 = Release|Any CPU
		{8C96CA0B-812D-4F6E-8938-49A94F96A82B}.Signed|Any CPU.ActiveCfg = Release|Any CPU
		{8C96CA0B-812D-4F6E-8938-49A94F96A82B}.Signed|Any CPU.Build.0 = Release|Any CPU
		{8C96CA0B-812D-4F6E-8938-49A94F96A82B}.STATIC_ONLY NO_EXPRESSIONS|Any CPU.ActiveCfg = Release|Any CPU
		{8C96CA0B-812D-4F6E-8938-49A94F96A82B}.STATIC_ONLY NO_EXPRESSIONS|Any CPU.Build.0 = Release|Any CPU
		{B771CFBD-AF9A-4312-A342-9D31CB0062C7}.Debug|Any CPU.ActiveCfg = Debug|Any CPU
		{B771CFBD-AF9A-4312-A342-9D31CB0062C7}.Debug|Any CPU.Build.0 = Debug|Any CPU
		{B771CFBD-AF9A-4312-A342-9D31CB0062C7}.MonoTouch|Any CPU.ActiveCfg = Release|Any CPU
		{B771CFBD-AF9A-4312-A342-9D31CB0062C7}.MonoTouch|Any CPU.Build.0 = Release|Any CPU
		{B771CFBD-AF9A-4312-A342-9D31CB0062C7}.Release|Any CPU.ActiveCfg = Release|Any CPU
		{B771CFBD-AF9A-4312-A342-9D31CB0062C7}.Release|Any CPU.Build.0 = Release|Any CPU
		{B771CFBD-AF9A-4312-A342-9D31CB0062C7}.Signed|Any CPU.ActiveCfg = Release|Any CPU
		{B771CFBD-AF9A-4312-A342-9D31CB0062C7}.Signed|Any CPU.Build.0 = Release|Any CPU
		{B771CFBD-AF9A-4312-A342-9D31CB0062C7}.STATIC_ONLY NO_EXPRESSIONS|Any CPU.ActiveCfg = Release|Any CPU
		{B771CFBD-AF9A-4312-A342-9D31CB0062C7}.STATIC_ONLY NO_EXPRESSIONS|Any CPU.Build.0 = Release|Any CPU
		{B64CCFA5-577E-4C07-9EAD-7A85E44309D1}.Debug|Any CPU.ActiveCfg = Debug|Any CPU
		{B64CCFA5-577E-4C07-9EAD-7A85E44309D1}.Debug|Any CPU.Build.0 = Debug|Any CPU
		{B64CCFA5-577E-4C07-9EAD-7A85E44309D1}.MonoTouch|Any CPU.ActiveCfg = Release|Any CPU
		{B64CCFA5-577E-4C07-9EAD-7A85E44309D1}.MonoTouch|Any CPU.Build.0 = Release|Any CPU
		{B64CCFA5-577E-4C07-9EAD-7A85E44309D1}.Release|Any CPU.ActiveCfg = Release|Any CPU
		{B64CCFA5-577E-4C07-9EAD-7A85E44309D1}.Release|Any CPU.Build.0 = Release|Any CPU
		{B64CCFA5-577E-4C07-9EAD-7A85E44309D1}.Signed|Any CPU.ActiveCfg = Release|Any CPU
		{B64CCFA5-577E-4C07-9EAD-7A85E44309D1}.Signed|Any CPU.Build.0 = Release|Any CPU
		{B64CCFA5-577E-4C07-9EAD-7A85E44309D1}.STATIC_ONLY NO_EXPRESSIONS|Any CPU.ActiveCfg = Release|Any CPU
		{B64CCFA5-577E-4C07-9EAD-7A85E44309D1}.STATIC_ONLY NO_EXPRESSIONS|Any CPU.Build.0 = Release|Any CPU
		{96179AC6-F6F1-40C3-9FDD-4F6582F54C5C}.Debug|Any CPU.ActiveCfg = Debug|Any CPU
		{96179AC6-F6F1-40C3-9FDD-4F6582F54C5C}.Debug|Any CPU.Build.0 = Debug|Any CPU
		{96179AC6-F6F1-40C3-9FDD-4F6582F54C5C}.MonoTouch|Any CPU.ActiveCfg = MonoTouch|Any CPU
		{96179AC6-F6F1-40C3-9FDD-4F6582F54C5C}.MonoTouch|Any CPU.Build.0 = MonoTouch|Any CPU
		{96179AC6-F6F1-40C3-9FDD-4F6582F54C5C}.Release|Any CPU.ActiveCfg = Release|Any CPU
		{96179AC6-F6F1-40C3-9FDD-4F6582F54C5C}.Release|Any CPU.Build.0 = Release|Any CPU
		{96179AC6-F6F1-40C3-9FDD-4F6582F54C5C}.Signed|Any CPU.ActiveCfg = STATIC_ONLY NO_EXPRESSIONS|Any CPU
		{96179AC6-F6F1-40C3-9FDD-4F6582F54C5C}.Signed|Any CPU.Build.0 = STATIC_ONLY NO_EXPRESSIONS|Any CPU
		{96179AC6-F6F1-40C3-9FDD-4F6582F54C5C}.STATIC_ONLY NO_EXPRESSIONS|Any CPU.ActiveCfg = STATIC_ONLY NO_EXPRESSIONS|Any CPU
		{96179AC6-F6F1-40C3-9FDD-4F6582F54C5C}.STATIC_ONLY NO_EXPRESSIONS|Any CPU.Build.0 = STATIC_ONLY NO_EXPRESSIONS|Any CPU
		{579B3FDB-CDAD-44E1-8417-885C38E49A0E}.Debug|Any CPU.ActiveCfg = Debug|Any CPU
		{579B3FDB-CDAD-44E1-8417-885C38E49A0E}.Debug|Any CPU.Build.0 = Debug|Any CPU
		{579B3FDB-CDAD-44E1-8417-885C38E49A0E}.MonoTouch|Any CPU.ActiveCfg = MonoTouch|Any CPU
		{579B3FDB-CDAD-44E1-8417-885C38E49A0E}.MonoTouch|Any CPU.Build.0 = MonoTouch|Any CPU
		{579B3FDB-CDAD-44E1-8417-885C38E49A0E}.Release|Any CPU.ActiveCfg = Release|Any CPU
		{579B3FDB-CDAD-44E1-8417-885C38E49A0E}.Release|Any CPU.Build.0 = Release|Any CPU
		{579B3FDB-CDAD-44E1-8417-885C38E49A0E}.Signed|Any CPU.ActiveCfg = MonoTouch|Any CPU
		{579B3FDB-CDAD-44E1-8417-885C38E49A0E}.Signed|Any CPU.Build.0 = MonoTouch|Any CPU
		{579B3FDB-CDAD-44E1-8417-885C38E49A0E}.STATIC_ONLY NO_EXPRESSIONS|Any CPU.ActiveCfg = MonoTouch|Any CPU
		{579B3FDB-CDAD-44E1-8417-885C38E49A0E}.STATIC_ONLY NO_EXPRESSIONS|Any CPU.Build.0 = MonoTouch|Any CPU
		{982416DB-C143-4028-A0C3-CF41892D18D3}.Debug|Any CPU.ActiveCfg = Debug|Any CPU
		{982416DB-C143-4028-A0C3-CF41892D18D3}.Debug|Any CPU.Build.0 = Debug|Any CPU
		{982416DB-C143-4028-A0C3-CF41892D18D3}.MonoTouch|Any CPU.ActiveCfg = MonoTouch|Any CPU
		{982416DB-C143-4028-A0C3-CF41892D18D3}.MonoTouch|Any CPU.Build.0 = MonoTouch|Any CPU
		{982416DB-C143-4028-A0C3-CF41892D18D3}.Release|Any CPU.ActiveCfg = Release|Any CPU
		{982416DB-C143-4028-A0C3-CF41892D18D3}.Release|Any CPU.Build.0 = Release|Any CPU
		{982416DB-C143-4028-A0C3-CF41892D18D3}.Signed|Any CPU.ActiveCfg = STATIC_ONLY NO_EXPRESSIONS|Any CPU
		{982416DB-C143-4028-A0C3-CF41892D18D3}.Signed|Any CPU.Build.0 = STATIC_ONLY NO_EXPRESSIONS|Any CPU
		{982416DB-C143-4028-A0C3-CF41892D18D3}.STATIC_ONLY NO_EXPRESSIONS|Any CPU.ActiveCfg = STATIC_ONLY NO_EXPRESSIONS|Any CPU
		{982416DB-C143-4028-A0C3-CF41892D18D3}.STATIC_ONLY NO_EXPRESSIONS|Any CPU.Build.0 = STATIC_ONLY NO_EXPRESSIONS|Any CPU
		{55942102-033A-4DA8-A6AF-1DB7B2F34A2D}.Debug|Any CPU.ActiveCfg = Debug|Any CPU
		{55942102-033A-4DA8-A6AF-1DB7B2F34A2D}.Debug|Any CPU.Build.0 = Debug|Any CPU
		{55942102-033A-4DA8-A6AF-1DB7B2F34A2D}.MonoTouch|Any CPU.ActiveCfg = Release|Any CPU
		{55942102-033A-4DA8-A6AF-1DB7B2F34A2D}.MonoTouch|Any CPU.Build.0 = Release|Any CPU
		{55942102-033A-4DA8-A6AF-1DB7B2F34A2D}.Release|Any CPU.ActiveCfg = Release|Any CPU
		{55942102-033A-4DA8-A6AF-1DB7B2F34A2D}.Release|Any CPU.Build.0 = Release|Any CPU
		{55942102-033A-4DA8-A6AF-1DB7B2F34A2D}.Signed|Any CPU.ActiveCfg = Release|Any CPU
		{55942102-033A-4DA8-A6AF-1DB7B2F34A2D}.Signed|Any CPU.Build.0 = Release|Any CPU
		{55942102-033A-4DA8-A6AF-1DB7B2F34A2D}.STATIC_ONLY NO_EXPRESSIONS|Any CPU.ActiveCfg = Release|Any CPU
		{55942102-033A-4DA8-A6AF-1DB7B2F34A2D}.STATIC_ONLY NO_EXPRESSIONS|Any CPU.Build.0 = Release|Any CPU
	EndGlobalSection
	GlobalSection(SolutionProperties) = preSolution
		HideSolutionNode = FALSE
	EndGlobalSection
	GlobalSection(NestedProjects) = preSolution
		{3EFD3B67-334F-4A08-9A7E-75FD9B50D03A} = {2827A0D1-32C1-4B18-94BC-91CC1E3A90A6}
		{42D72BEC-9F9B-4DFD-9A79-9833DA34ECC6} = {2827A0D1-32C1-4B18-94BC-91CC1E3A90A6}
		{8C96CA0B-812D-4F6E-8938-49A94F96A82B} = {CB3452E6-7B7B-46FC-8F90-D92DB4A29E06}
		{B771CFBD-AF9A-4312-A342-9D31CB0062C7} = {0562008F-2F99-4D9C-924E-903518BC6D21}
		{B64CCFA5-577E-4C07-9EAD-7A85E44309D1} = {0562008F-2F99-4D9C-924E-903518BC6D21}
		{96179AC6-F6F1-40C3-9FDD-4F6582F54C5C} = {28646A94-7782-4028-B2E1-6B0D24E0FD69}
		{579B3FDB-CDAD-44E1-8417-885C38E49A0E} = {28646A94-7782-4028-B2E1-6B0D24E0FD69}
		{982416DB-C143-4028-A0C3-CF41892D18D3} = {28646A94-7782-4028-B2E1-6B0D24E0FD69}
		{55942102-033A-4DA8-A6AF-1DB7B2F34A2D} = {28646A94-7782-4028-B2E1-6B0D24E0FD69}
	EndGlobalSection
EndGlobal
