
Microsoft Visual Studio Solution File, Format Version 12.00
# Visual Studio 15
VisualStudioVersion = 15.0.27130.2010
MinimumVisualStudioVersion = 10.0.40219.1
Project("{FAE04EC0-301F-11D3-BF4B-00C04F79EFBC}") = "PirateX.Core", "PirateX.Core\PirateX.Core.csproj", "{AF6F5077-F2F6-4293-AFD2-21C9E1EBC296}"
EndProject
Project("{FAE04EC0-301F-11D3-BF4B-00C04F79EFBC}") = "PirateX.GM", "PirateX.GM\PirateX.GM.csproj", "{C7C5CCC1-E9F3-4F65-8C7D-8AA480B15BE8}"
EndProject
Project("{FAE04EC0-301F-11D3-BF4B-00C04F79EFBC}") = "PirateX.GMSDK", "PirateX.GMSDK\PirateX.GMSDK.csproj", "{49E1E040-33A5-48C7-80DD-DAD7FB863277}"
EndProject
Project("{FAE04EC0-301F-11D3-BF4B-00C04F79EFBC}") = "PirateX.GMSDK.Demo", "PirateX.GMSDK.Demo\PirateX.GMSDK.Demo.csproj", "{E1B5F681-E8EF-4E00-92DA-90D742FE9EF8}"
EndProject
Project("{FAE04EC0-301F-11D3-BF4B-00C04F79EFBC}") = "PirateX.Middleware", "PirateX.Middleware\PirateX.Middleware.csproj", "{5CE28119-A0F9-4EED-8624-BEC2DA406E4D}"
EndProject
Global
	GlobalSection(SolutionConfigurationPlatforms) = preSolution
		Debug|Any CPU = Debug|Any CPU
		Release|Any CPU = Release|Any CPU
	EndGlobalSection
	GlobalSection(ProjectConfigurationPlatforms) = postSolution
		{AF6F5077-F2F6-4293-AFD2-21C9E1EBC296}.Debug|Any CPU.ActiveCfg = Debug|Any CPU
		{AF6F5077-F2F6-4293-AFD2-21C9E1EBC296}.Debug|Any CPU.Build.0 = Debug|Any CPU
		{AF6F5077-F2F6-4293-AFD2-21C9E1EBC296}.Release|Any CPU.ActiveCfg = Release|Any CPU
		{AF6F5077-F2F6-4293-AFD2-21C9E1EBC296}.Release|Any CPU.Build.0 = Release|Any CPU
		{C7C5CCC1-E9F3-4F65-8C7D-8AA480B15BE8}.Debug|Any CPU.ActiveCfg = Debug|Any CPU
		{C7C5CCC1-E9F3-4F65-8C7D-8AA480B15BE8}.Debug|Any CPU.Build.0 = Debug|Any CPU
		{C7C5CCC1-E9F3-4F65-8C7D-8AA480B15BE8}.Release|Any CPU.ActiveCfg = Release|Any CPU
		{C7C5CCC1-E9F3-4F65-8C7D-8AA480B15BE8}.Release|Any CPU.Build.0 = Release|Any CPU
		{49E1E040-33A5-48C7-80DD-DAD7FB863277}.Debug|Any CPU.ActiveCfg = Debug|Any CPU
		{49E1E040-33A5-48C7-80DD-DAD7FB863277}.Debug|Any CPU.Build.0 = Debug|Any CPU
		{49E1E040-33A5-48C7-80DD-DAD7FB863277}.Release|Any CPU.ActiveCfg = Release|Any CPU
		{49E1E040-33A5-48C7-80DD-DAD7FB863277}.Release|Any CPU.Build.0 = Release|Any CPU
		{E1B5F681-E8EF-4E00-92DA-90D742FE9EF8}.Debug|Any CPU.ActiveCfg = Debug|Any CPU
		{E1B5F681-E8EF-4E00-92DA-90D742FE9EF8}.Debug|Any CPU.Build.0 = Debug|Any CPU
		{E1B5F681-E8EF-4E00-92DA-90D742FE9EF8}.Release|Any CPU.ActiveCfg = Release|Any CPU
		{E1B5F681-E8EF-4E00-92DA-90D742FE9EF8}.Release|Any CPU.Build.0 = Release|Any CPU
		{5CE28119-A0F9-4EED-8624-BEC2DA406E4D}.Debug|Any CPU.ActiveCfg = Debug|Any CPU
		{5CE28119-A0F9-4EED-8624-BEC2DA406E4D}.Debug|Any CPU.Build.0 = Debug|Any CPU
		{5CE28119-A0F9-4EED-8624-BEC2DA406E4D}.Release|Any CPU.ActiveCfg = Release|Any CPU
		{5CE28119-A0F9-4EED-8624-BEC2DA406E4D}.Release|Any CPU.Build.0 = Release|Any CPU
	EndGlobalSection
	GlobalSection(SolutionProperties) = preSolution
		HideSolutionNode = FALSE
	EndGlobalSection
	GlobalSection(ExtensibilityGlobals) = postSolution
		SolutionGuid = {1C72BB9C-7954-45E6-8619-6554492B00F5}
	EndGlobalSection
EndGlobal
