
Microsoft Visual Studio Solution File, Format Version 12.00
# Visual Studio 14
VisualStudioVersion = 14.0.25420.1
MinimumVisualStudioVersion = 10.0.40219.1
Project("{FAE04EC0-301F-11D3-BF4B-00C04F79EFBC}") = "PirateX", "PirateX\PirateX.csproj", "{3EFD3B67-334F-4A08-9A7E-75FD9B50D03A}"
EndProject
Project("{2150E333-8FDC-42A3-9474-1A3956D46DE8}") = "test", "test", "{CB3452E6-7B7B-46FC-8F90-D92DB4A29E06}"
EndProject
Project("{FAE04EC0-301F-11D3-BF4B-00C04F79EFBC}") = "PirateX.SLB", "PirateX.SLB\PirateX.SLB.csproj", "{42D72BEC-9F9B-4DFD-9A79-9833DA34ECC6}"
EndProject
Project("{FAE04EC0-301F-11D3-BF4B-00C04F79EFBC}") = "PirateX.UnitTest", "PirateX.UnitTest\PirateX.UnitTest.csproj", "{8C96CA0B-812D-4F6E-8938-49A94F96A82B}"
EndProject
Project("{2150E333-8FDC-42A3-9474-1A3956D46DE8}") = "Sample", "Sample", "{0562008F-2F99-4D9C-924E-903518BC6D21}"
EndProject
Project("{FAE04EC0-301F-11D3-BF4B-00C04F79EFBC}") = "Sample.Console", "Sample.Console\Sample.Console.csproj", "{B771CFBD-AF9A-4312-A342-9D31CB0062C7}"
EndProject
Project("{FAE04EC0-301F-11D3-BF4B-00C04F79EFBC}") = "Sample.SLB", "Sample.SLB\Sample.SLB.csproj", "{B64CCFA5-577E-4C07-9EAD-7A85E44309D1}"
EndProject
Project("{2150E333-8FDC-42A3-9474-1A3956D46DE8}") = "src", "src", "{2827A0D1-32C1-4B18-94BC-91CC1E3A90A6}"
EndProject
Project("{2150E333-8FDC-42A3-9474-1A3956D46DE8}") = "Solution Items", "Solution Items", "{4DB8D514-7ED3-49E8-B973-A576A353840B}"
	ProjectSection(SolutionItems) = preProject
		..\readme.md = ..\readme.md
	EndProjectSection
EndProject
Project("{FAE04EC0-301F-11D3-BF4B-00C04F79EFBC}") = "PirateX.Core", "PirateX.Core\PirateX.Core.csproj", "{AF6F5077-F2F6-4293-AFD2-21C9E1EBC296}"
EndProject
Project("{FAE04EC0-301F-11D3-BF4B-00C04F79EFBC}") = "PirateX.ServiceStackV3", "PirateX.ServiceStackV3\PirateX.ServiceStackV3.csproj", "{DFD44C8C-5914-4470-898D-3B77A901E051}"
EndProject
Project("{2150E333-8FDC-42A3-9474-1A3956D46DE8}") = "tools", "tools", "{5D993072-2805-4156-8EAD-28FCE571AF42}"
EndProject
Project("{FAE04EC0-301F-11D3-BF4B-00C04F79EFBC}") = "JsonViewer", "JsonViewer\JsonViewer.csproj", "{3AE264FB-52DC-4295-A37F-CE63CAF54930}"
EndProject
Project("{FAE04EC0-301F-11D3-BF4B-00C04F79EFBC}") = "PirateX.Client", "PirateX.Client\PirateX.Client.csproj", "{608D6062-379A-4999-AA20-592A48216E71}"
EndProject
Project("{FAE04EC0-301F-11D3-BF4B-00C04F79EFBC}") = "PirateX.Core.UnitTest", "PirateX.Core.UnitTest\PirateX.Core.UnitTest.csproj", "{1730A686-AAAA-4EC3-85D3-F4DFF7C71F4E}"
EndProject
Project("{FAE04EC0-301F-11D3-BF4B-00C04F79EFBC}") = "PirateX.Protocol", "PirateX.Protocol\PirateX.Protocol.csproj", "{EBDE20EE-7293-4B51-99F4-6688EBDD3D2B}"
EndProject
Project("{FAE04EC0-301F-11D3-BF4B-00C04F79EFBC}") = "PirateX.Middleware", "PirateX.Middleware\PirateX.Middleware.csproj", "{5CE28119-A0F9-4EED-8624-BEC2DA406E4D}"
EndProject
Project("{FAE04EC0-301F-11D3-BF4B-00C04F79EFBC}") = "PirateX.EntityFramework", "PirateX.EntityFramework\PirateX.EntityFramework.csproj", "{525E64B9-9BFA-43A5-B156-C0C86C0CC611}"
EndProject
Project("{FAE04EC0-301F-11D3-BF4B-00C04F79EFBC}") = "EntityFrameworkTest", "..\test\EntityFrameworkTest\EntityFrameworkTest.csproj", "{97FBF50A-95D8-4DC4-BFCF-DDB26D77C5BE}"
EndProject
Project("{FAE04EC0-301F-11D3-BF4B-00C04F79EFBC}") = "PirateX.Net", "PirateX.Net\PirateX.Net.csproj", "{DD53E6B5-890D-4B52-990E-D4331AD997BA}"
EndProject
Project("{FAE04EC0-301F-11D3-BF4B-00C04F79EFBC}") = "PirateX.NetMQConsole", "PirateX.NetMQConsole\PirateX.NetMQConsole.csproj", "{BDEF7259-1875-4FE3-88F3-DF431117FBA7}"
EndProject
Project("{FAE04EC0-301F-11D3-BF4B-00C04F79EFBC}") = "PirateX.GameServerTest", "PirateX.GameServerTest\PirateX.GameServerTest.csproj", "{C8073093-2DDF-412F-80F5-CC28C82AE631}"
EndProject
Project("{FAE04EC0-301F-11D3-BF4B-00C04F79EFBC}") = "PirateX.Net.Actor", "PirateX.Net.Actor\PirateX.Net.Actor.csproj", "{66C911AF-FC4E-4DAA-94BE-49EDBEC1C0C3}"
EndProject
Global
	GlobalSection(SolutionConfigurationPlatforms) = preSolution
		Debug|Any CPU = Debug|Any CPU
		Release|Any CPU = Release|Any CPU
	EndGlobalSection
	GlobalSection(ProjectConfigurationPlatforms) = postSolution
		{3EFD3B67-334F-4A08-9A7E-75FD9B50D03A}.Debug|Any CPU.ActiveCfg = Debug|Any CPU
		{3EFD3B67-334F-4A08-9A7E-75FD9B50D03A}.Debug|Any CPU.Build.0 = Debug|Any CPU
		{3EFD3B67-334F-4A08-9A7E-75FD9B50D03A}.Release|Any CPU.ActiveCfg = Release|Any CPU
		{3EFD3B67-334F-4A08-9A7E-75FD9B50D03A}.Release|Any CPU.Build.0 = Release|Any CPU
		{42D72BEC-9F9B-4DFD-9A79-9833DA34ECC6}.Debug|Any CPU.ActiveCfg = Debug|Any CPU
		{42D72BEC-9F9B-4DFD-9A79-9833DA34ECC6}.Debug|Any CPU.Build.0 = Debug|Any CPU
		{42D72BEC-9F9B-4DFD-9A79-9833DA34ECC6}.Release|Any CPU.ActiveCfg = Release|Any CPU
		{42D72BEC-9F9B-4DFD-9A79-9833DA34ECC6}.Release|Any CPU.Build.0 = Release|Any CPU
		{8C96CA0B-812D-4F6E-8938-49A94F96A82B}.Debug|Any CPU.ActiveCfg = Debug|Any CPU
		{8C96CA0B-812D-4F6E-8938-49A94F96A82B}.Debug|Any CPU.Build.0 = Debug|Any CPU
		{8C96CA0B-812D-4F6E-8938-49A94F96A82B}.Release|Any CPU.ActiveCfg = Release|Any CPU
		{8C96CA0B-812D-4F6E-8938-49A94F96A82B}.Release|Any CPU.Build.0 = Release|Any CPU
		{B771CFBD-AF9A-4312-A342-9D31CB0062C7}.Debug|Any CPU.ActiveCfg = Debug|Any CPU
		{B771CFBD-AF9A-4312-A342-9D31CB0062C7}.Debug|Any CPU.Build.0 = Debug|Any CPU
		{B771CFBD-AF9A-4312-A342-9D31CB0062C7}.Release|Any CPU.ActiveCfg = Release|Any CPU
		{B771CFBD-AF9A-4312-A342-9D31CB0062C7}.Release|Any CPU.Build.0 = Release|Any CPU
		{B64CCFA5-577E-4C07-9EAD-7A85E44309D1}.Debug|Any CPU.ActiveCfg = Debug|Any CPU
		{B64CCFA5-577E-4C07-9EAD-7A85E44309D1}.Debug|Any CPU.Build.0 = Debug|Any CPU
		{B64CCFA5-577E-4C07-9EAD-7A85E44309D1}.Release|Any CPU.ActiveCfg = Release|Any CPU
		{B64CCFA5-577E-4C07-9EAD-7A85E44309D1}.Release|Any CPU.Build.0 = Release|Any CPU
		{AF6F5077-F2F6-4293-AFD2-21C9E1EBC296}.Debug|Any CPU.ActiveCfg = Debug|Any CPU
		{AF6F5077-F2F6-4293-AFD2-21C9E1EBC296}.Debug|Any CPU.Build.0 = Debug|Any CPU
		{AF6F5077-F2F6-4293-AFD2-21C9E1EBC296}.Release|Any CPU.ActiveCfg = Release|Any CPU
		{AF6F5077-F2F6-4293-AFD2-21C9E1EBC296}.Release|Any CPU.Build.0 = Release|Any CPU
		{DFD44C8C-5914-4470-898D-3B77A901E051}.Debug|Any CPU.ActiveCfg = Debug|Any CPU
		{DFD44C8C-5914-4470-898D-3B77A901E051}.Debug|Any CPU.Build.0 = Debug|Any CPU
		{DFD44C8C-5914-4470-898D-3B77A901E051}.Release|Any CPU.ActiveCfg = Release|Any CPU
		{DFD44C8C-5914-4470-898D-3B77A901E051}.Release|Any CPU.Build.0 = Release|Any CPU
		{3AE264FB-52DC-4295-A37F-CE63CAF54930}.Debug|Any CPU.ActiveCfg = Debug|Any CPU
		{3AE264FB-52DC-4295-A37F-CE63CAF54930}.Debug|Any CPU.Build.0 = Debug|Any CPU
		{3AE264FB-52DC-4295-A37F-CE63CAF54930}.Release|Any CPU.ActiveCfg = Release|Any CPU
		{3AE264FB-52DC-4295-A37F-CE63CAF54930}.Release|Any CPU.Build.0 = Release|Any CPU
		{608D6062-379A-4999-AA20-592A48216E71}.Debug|Any CPU.ActiveCfg = Debug|Any CPU
		{608D6062-379A-4999-AA20-592A48216E71}.Debug|Any CPU.Build.0 = Debug|Any CPU
		{608D6062-379A-4999-AA20-592A48216E71}.Release|Any CPU.ActiveCfg = Release|Any CPU
		{608D6062-379A-4999-AA20-592A48216E71}.Release|Any CPU.Build.0 = Release|Any CPU
		{1730A686-AAAA-4EC3-85D3-F4DFF7C71F4E}.Debug|Any CPU.ActiveCfg = Debug|Any CPU
		{1730A686-AAAA-4EC3-85D3-F4DFF7C71F4E}.Debug|Any CPU.Build.0 = Debug|Any CPU
		{1730A686-AAAA-4EC3-85D3-F4DFF7C71F4E}.Release|Any CPU.ActiveCfg = Release|Any CPU
		{1730A686-AAAA-4EC3-85D3-F4DFF7C71F4E}.Release|Any CPU.Build.0 = Release|Any CPU
		{EBDE20EE-7293-4B51-99F4-6688EBDD3D2B}.Debug|Any CPU.ActiveCfg = Debug|Any CPU
		{EBDE20EE-7293-4B51-99F4-6688EBDD3D2B}.Debug|Any CPU.Build.0 = Debug|Any CPU
		{EBDE20EE-7293-4B51-99F4-6688EBDD3D2B}.Release|Any CPU.ActiveCfg = Release|Any CPU
		{EBDE20EE-7293-4B51-99F4-6688EBDD3D2B}.Release|Any CPU.Build.0 = Release|Any CPU
		{5CE28119-A0F9-4EED-8624-BEC2DA406E4D}.Debug|Any CPU.ActiveCfg = Debug|Any CPU
		{5CE28119-A0F9-4EED-8624-BEC2DA406E4D}.Debug|Any CPU.Build.0 = Debug|Any CPU
		{5CE28119-A0F9-4EED-8624-BEC2DA406E4D}.Release|Any CPU.ActiveCfg = Release|Any CPU
		{5CE28119-A0F9-4EED-8624-BEC2DA406E4D}.Release|Any CPU.Build.0 = Release|Any CPU
		{525E64B9-9BFA-43A5-B156-C0C86C0CC611}.Debug|Any CPU.ActiveCfg = Debug|Any CPU
		{525E64B9-9BFA-43A5-B156-C0C86C0CC611}.Debug|Any CPU.Build.0 = Debug|Any CPU
		{525E64B9-9BFA-43A5-B156-C0C86C0CC611}.Release|Any CPU.ActiveCfg = Release|Any CPU
		{525E64B9-9BFA-43A5-B156-C0C86C0CC611}.Release|Any CPU.Build.0 = Release|Any CPU
		{97FBF50A-95D8-4DC4-BFCF-DDB26D77C5BE}.Debug|Any CPU.ActiveCfg = Debug|Any CPU
		{97FBF50A-95D8-4DC4-BFCF-DDB26D77C5BE}.Debug|Any CPU.Build.0 = Debug|Any CPU
		{97FBF50A-95D8-4DC4-BFCF-DDB26D77C5BE}.Release|Any CPU.ActiveCfg = Release|Any CPU
		{97FBF50A-95D8-4DC4-BFCF-DDB26D77C5BE}.Release|Any CPU.Build.0 = Release|Any CPU
		{DD53E6B5-890D-4B52-990E-D4331AD997BA}.Debug|Any CPU.ActiveCfg = Debug|Any CPU
		{DD53E6B5-890D-4B52-990E-D4331AD997BA}.Debug|Any CPU.Build.0 = Debug|Any CPU
		{DD53E6B5-890D-4B52-990E-D4331AD997BA}.Release|Any CPU.ActiveCfg = Release|Any CPU
		{DD53E6B5-890D-4B52-990E-D4331AD997BA}.Release|Any CPU.Build.0 = Release|Any CPU
		{BDEF7259-1875-4FE3-88F3-DF431117FBA7}.Debug|Any CPU.ActiveCfg = Debug|Any CPU
		{BDEF7259-1875-4FE3-88F3-DF431117FBA7}.Debug|Any CPU.Build.0 = Debug|Any CPU
		{BDEF7259-1875-4FE3-88F3-DF431117FBA7}.Release|Any CPU.ActiveCfg = Release|Any CPU
		{BDEF7259-1875-4FE3-88F3-DF431117FBA7}.Release|Any CPU.Build.0 = Release|Any CPU
		{C8073093-2DDF-412F-80F5-CC28C82AE631}.Debug|Any CPU.ActiveCfg = Debug|Any CPU
		{C8073093-2DDF-412F-80F5-CC28C82AE631}.Debug|Any CPU.Build.0 = Debug|Any CPU
		{C8073093-2DDF-412F-80F5-CC28C82AE631}.Release|Any CPU.ActiveCfg = Release|Any CPU
		{C8073093-2DDF-412F-80F5-CC28C82AE631}.Release|Any CPU.Build.0 = Release|Any CPU
		{66C911AF-FC4E-4DAA-94BE-49EDBEC1C0C3}.Debug|Any CPU.ActiveCfg = Debug|Any CPU
		{66C911AF-FC4E-4DAA-94BE-49EDBEC1C0C3}.Debug|Any CPU.Build.0 = Debug|Any CPU
		{66C911AF-FC4E-4DAA-94BE-49EDBEC1C0C3}.Release|Any CPU.ActiveCfg = Release|Any CPU
		{66C911AF-FC4E-4DAA-94BE-49EDBEC1C0C3}.Release|Any CPU.Build.0 = Release|Any CPU
	EndGlobalSection
	GlobalSection(SolutionProperties) = preSolution
		HideSolutionNode = FALSE
	EndGlobalSection
	GlobalSection(NestedProjects) = preSolution
		{3EFD3B67-334F-4A08-9A7E-75FD9B50D03A} = {2827A0D1-32C1-4B18-94BC-91CC1E3A90A6}
		{42D72BEC-9F9B-4DFD-9A79-9833DA34ECC6} = {2827A0D1-32C1-4B18-94BC-91CC1E3A90A6}
		{8C96CA0B-812D-4F6E-8938-49A94F96A82B} = {CB3452E6-7B7B-46FC-8F90-D92DB4A29E06}
		{B771CFBD-AF9A-4312-A342-9D31CB0062C7} = {0562008F-2F99-4D9C-924E-903518BC6D21}
		{B64CCFA5-577E-4C07-9EAD-7A85E44309D1} = {0562008F-2F99-4D9C-924E-903518BC6D21}
		{AF6F5077-F2F6-4293-AFD2-21C9E1EBC296} = {2827A0D1-32C1-4B18-94BC-91CC1E3A90A6}
		{DFD44C8C-5914-4470-898D-3B77A901E051} = {2827A0D1-32C1-4B18-94BC-91CC1E3A90A6}
		{3AE264FB-52DC-4295-A37F-CE63CAF54930} = {5D993072-2805-4156-8EAD-28FCE571AF42}
		{608D6062-379A-4999-AA20-592A48216E71} = {2827A0D1-32C1-4B18-94BC-91CC1E3A90A6}
		{1730A686-AAAA-4EC3-85D3-F4DFF7C71F4E} = {CB3452E6-7B7B-46FC-8F90-D92DB4A29E06}
		{EBDE20EE-7293-4B51-99F4-6688EBDD3D2B} = {2827A0D1-32C1-4B18-94BC-91CC1E3A90A6}
		{5CE28119-A0F9-4EED-8624-BEC2DA406E4D} = {2827A0D1-32C1-4B18-94BC-91CC1E3A90A6}
		{525E64B9-9BFA-43A5-B156-C0C86C0CC611} = {2827A0D1-32C1-4B18-94BC-91CC1E3A90A6}
		{97FBF50A-95D8-4DC4-BFCF-DDB26D77C5BE} = {CB3452E6-7B7B-46FC-8F90-D92DB4A29E06}
		{DD53E6B5-890D-4B52-990E-D4331AD997BA} = {2827A0D1-32C1-4B18-94BC-91CC1E3A90A6}
		{BDEF7259-1875-4FE3-88F3-DF431117FBA7} = {0562008F-2F99-4D9C-924E-903518BC6D21}
		{C8073093-2DDF-412F-80F5-CC28C82AE631} = {CB3452E6-7B7B-46FC-8F90-D92DB4A29E06}
		{66C911AF-FC4E-4DAA-94BE-49EDBEC1C0C3} = {2827A0D1-32C1-4B18-94BC-91CC1E3A90A6}
	EndGlobalSection
EndGlobal
